
Microsoft Visual Studio Solution File, Format Version 12.00
# Visual Studio Version 16
VisualStudioVersion = 16.0.31205.134
MinimumVisualStudioVersion = 10.0.40219.1
Project("{FAE04EC0-301F-11D3-BF4B-00C04F79EFBC}") = "ApiRestTestMVC", "ApiRestTestMVC.csproj", "{76196E76-1100-47A1-990A-5CF3BB2390F2}"
EndProject
Project("{FAE04EC0-301F-11D3-BF4B-00C04F79EFBC}") = "WebApi", "..\WebApi\WebApi.csproj", "{51C10E8A-2BAB-4A4B-ADCB-2192D2435E36}"
EndProject
Global
	GlobalSection(SolutionConfigurationPlatforms) = preSolution
		Debug|Any CPU = Debug|Any CPU
		Release|Any CPU = Release|Any CPU
	EndGlobalSection
	GlobalSection(ProjectConfigurationPlatforms) = postSolution
		{76196E76-1100-47A1-990A-5CF3BB2390F2}.Debug|Any CPU.ActiveCfg = Debug|Any CPU
		{76196E76-1100-47A1-990A-5CF3BB2390F2}.Debug|Any CPU.Build.0 = Debug|Any CPU
		{76196E76-1100-47A1-990A-5CF3BB2390F2}.Release|Any CPU.ActiveCfg = Release|Any CPU
		{76196E76-1100-47A1-990A-5CF3BB2390F2}.Release|Any CPU.Build.0 = Release|Any CPU
		{51C10E8A-2BAB-4A4B-ADCB-2192D2435E36}.Debug|Any CPU.ActiveCfg = Debug|Any CPU
		{51C10E8A-2BAB-4A4B-ADCB-2192D2435E36}.Debug|Any CPU.Build.0 = Debug|Any CPU
		{51C10E8A-2BAB-4A4B-ADCB-2192D2435E36}.Release|Any CPU.ActiveCfg = Release|Any CPU
		{51C10E8A-2BAB-4A4B-ADCB-2192D2435E36}.Release|Any CPU.Build.0 = Release|Any CPU
	EndGlobalSection
	GlobalSection(SolutionProperties) = preSolution
		HideSolutionNode = FALSE
	EndGlobalSection
	GlobalSection(ExtensibilityGlobals) = postSolution
		SolutionGuid = {92C5B2B3-B4B9-4FD6-A1FA-E54C125F1AF2}
	EndGlobalSection
EndGlobal
